
Microsoft Visual Studio Solution File, Format Version 12.00
# Visual Studio Version 17
VisualStudioVersion = 17.11.35005.142
MinimumVisualStudioVersion = 10.0.40219.1
Project("{FAE04EC0-301F-11D3-BF4B-00C04F79EFBC}") = "Doviz_Ofisi_Mini_Uygulama", "Doviz_Ofisi_Mini_Uygulama\Doviz_Ofisi_Mini_Uygulama.csproj", "{97954C62-7916-45A1-A957-7209E9FEDB7B}"
EndProject
Global
	GlobalSection(SolutionConfigurationPlatforms) = preSolution
		Debug|Any CPU = Debug|Any CPU
		Release|Any CPU = Release|Any CPU
	EndGlobalSection
	GlobalSection(ProjectConfigurationPlatforms) = postSolution
		{97954C62-7916-45A1-A957-7209E9FEDB7B}.Debug|Any CPU.ActiveCfg = Debug|Any CPU
		{97954C62-7916-45A1-A957-7209E9FEDB7B}.Debug|Any CPU.Build.0 = Debug|Any CPU
		{97954C62-7916-45A1-A957-7209E9FEDB7B}.Release|Any CPU.ActiveCfg = Release|Any CPU
		{97954C62-7916-45A1-A957-7209E9FEDB7B}.Release|Any CPU.Build.0 = Release|Any CPU
	EndGlobalSection
	GlobalSection(SolutionProperties) = preSolution
		HideSolutionNode = FALSE
	EndGlobalSection
	GlobalSection(ExtensibilityGlobals) = postSolution
		SolutionGuid = {C4CE049A-07A2-4688-8A94-C704F713A444}
	EndGlobalSection
EndGlobal
